{
  "name": "@example/worker-a",
  "version": "0.0.1",
  "lockfileVersion": 3,
  "requires": true,
  "packages": {
    "": {
      "name": "@example/worker-a",
      "version": "0.0.1",
      "dependencies": {
        "hono": "^4.6.16"
      }
    },
    "node_modules/hono": {
      "version": "4.6.16",
      "resolved": "https://registry.npmjs.org/hono/-/hono-4.6.16.tgz",
      "integrity": "sha512-iE6xOPwDYlfnZFwk6BfIMMIH4WZm3pPhz6rc1uJM/OPew0pjG5K6p8WTLaMBY1/szF/T0TaEjprMpwn16BA0NQ==",
      "engines": {
        "node": ">=16.9.0"
      }
    }
  }
}
